PODS:
  - Google-Mobile-Ads-SDK (7.31.0)
  - GoogleMaps (2.7.0):
    - GoogleMaps/Maps (= 2.7.0)
  - GoogleMaps/Base (2.7.0)
  - GoogleMaps/Maps (2.7.0):
    - GoogleMaps/Base
  - Hero (1.2.0)

DEPENDENCIES:
  - Google-Mobile-Ads-SDK
  - GoogleMaps
  - Hero (~> 1.2)

SPEC REPOS:
  https://github.com/cocoapods/specs.git:
    - Google-Mobile-Ads-SDK
    - GoogleMaps
    - Hero

SPEC CHECKSUMS:
  Google-Mobile-Ads-SDK: 6e529e748b45507a2ca904e0b5a52669ba3920c4
  GoogleMaps: f79af95cb24d869457b1f961c93d3ce8b2f3b848
  Hero: 33dadf2cd1c98af71e213dcbc2902e6e03622a4e

PODFILE CHECKSUM: cceb800f1f4746db5d972c2385a90bc53d473206

COCOAPODS: 1.5.3
